
Microsoft Visual Studio Solution File, Format Version 12.00
# Visual Studio 15
VisualStudioVersion = 15.0.28307.572
MinimumVisualStudioVersion = 10.0.40219.1
Project("{8BC9CEB8-8B4A-11D0-8D11-00A0C91BC942}") = "mysrConnector", "mysrConnector\mysrConnector.vcxproj", "{ED1980E8-26F8-4AF2-9FE2-481516FA4B41}"
EndProject
Global
	GlobalSection(SolutionConfigurationPlatforms) = preSolution
		Debug|x64 = Debug|x64
		Debug|x86 = Debug|x86
		Release|x64 = Release|x64
		Release|x86 = Release|x86
		SilentRelease|x64 = SilentRelease|x64
		SilentRelease|x86 = SilentRelease|x86
	EndGlobalSection
	GlobalSection(ProjectConfigurationPlatforms) = postSolution
		{ED1980E8-26F8-4AF2-9FE2-481516FA4B41}.Debug|x64.ActiveCfg = Debug|x64
		{ED1980E8-26F8-4AF2-9FE2-481516FA4B41}.Debug|x64.Build.0 = Debug|x64
		{ED1980E8-26F8-4AF2-9FE2-481516FA4B41}.Debug|x86.ActiveCfg = Debug|Win32
		{ED1980E8-26F8-4AF2-9FE2-481516FA4B41}.Debug|x86.Build.0 = Debug|Win32
		{ED1980E8-26F8-4AF2-9FE2-481516FA4B41}.Release|x64.ActiveCfg = Release|x64
		{ED1980E8-26F8-4AF2-9FE2-481516FA4B41}.Release|x64.Build.0 = Release|x64
		{ED1980E8-26F8-4AF2-9FE2-481516FA4B41}.Release|x86.ActiveCfg = Release|Win32
		{ED1980E8-26F8-4AF2-9FE2-481516FA4B41}.Release|x86.Build.0 = Release|Win32
		{ED1980E8-26F8-4AF2-9FE2-481516FA4B41}.SilentRelease|x64.ActiveCfg = SilentRelease|x64
		{ED1980E8-26F8-4AF2-9FE2-481516FA4B41}.SilentRelease|x64.Build.0 = SilentRelease|x64
		{ED1980E8-26F8-4AF2-9FE2-481516FA4B41}.SilentRelease|x86.ActiveCfg = SilentRelease|Win32
		{ED1980E8-26F8-4AF2-9FE2-481516FA4B41}.SilentRelease|x86.Build.0 = SilentRelease|Win32
	EndGlobalSection
	GlobalSection(SolutionProperties) = preSolution
		HideSolutionNode = FALSE
	EndGlobalSection
	GlobalSection(ExtensibilityGlobals) = postSolution
		SolutionGuid = {FAC99B9C-4B70-47B3-882E-2CFCEE676571}
	EndGlobalSection
EndGlobal
